
Microsoft Visual Studio Solution File, Format Version 12.00
# Visual Studio Version 16
VisualStudioVersion = 16.0.31205.134
MinimumVisualStudioVersion = 10.0.40219.1
Project("{FAE04EC0-301F-11D3-BF4B-00C04F79EFBC}") = "RockwellBlog", "RockwellBlog\RockwellBlog.csproj", "{960772B4-FA08-4366-8FD0-C3CB3915A043}"
EndProject
Global
	GlobalSection(SolutionConfigurationPlatforms) = preSolution
		Debug|Any CPU = Debug|Any CPU
		Release|Any CPU = Release|Any CPU
	EndGlobalSection
	GlobalSection(ProjectConfigurationPlatforms) = postSolution
		{960772B4-FA08-4366-8FD0-C3CB3915A043}.Debug|Any CPU.ActiveCfg = Debug|Any CPU
		{960772B4-FA08-4366-8FD0-C3CB3915A043}.Debug|Any CPU.Build.0 = Debug|Any CPU
		{960772B4-FA08-4366-8FD0-C3CB3915A043}.Release|Any CPU.ActiveCfg = Release|Any CPU
		{960772B4-FA08-4366-8FD0-C3CB3915A043}.Release|Any CPU.Build.0 = Release|Any CPU
	EndGlobalSection
	GlobalSection(SolutionProperties) = preSolution
		HideSolutionNode = FALSE
	EndGlobalSection
	GlobalSection(ExtensibilityGlobals) = postSolution
		SolutionGuid = {6A7D6541-BDC3-46EE-A7D9-88C797B9E377}
	EndGlobalSection
EndGlobal
